
Microsoft Visual Studio Solution File, Format Version 12.00
# Visual Studio Version 16
VisualStudioVersion = 16.0.29806.167
MinimumVisualStudioVersion = 10.0.40219.1
Project("{FAE04EC0-301F-11D3-BF4B-00C04F79EFBC}") = "Text2Touch", "Text2Touch.csproj", "{D7074DEA-B975-47C0-A5CB-16D400C6D73D}"
EndProject
Global
	GlobalSection(SolutionConfigurationPlatforms) = preSolution
		Debug|Any CPU = Debug|Any CPU
		Release|Any CPU = Release|Any CPU
	EndGlobalSection
	GlobalSection(ProjectConfigurationPlatforms) = postSolution
		{D7074DEA-B975-47C0-A5CB-16D400C6D73D}.Debug|Any CPU.ActiveCfg = Debug|Any CPU
		{D7074DEA-B975-47C0-A5CB-16D400C6D73D}.Debug|Any CPU.Build.0 = Debug|Any CPU
		{D7074DEA-B975-47C0-A5CB-16D400C6D73D}.Release|Any CPU.ActiveCfg = Release|Any CPU
		{D7074DEA-B975-47C0-A5CB-16D400C6D73D}.Release|Any CPU.Build.0 = Release|Any CPU
	EndGlobalSection
	GlobalSection(SolutionProperties) = preSolution
		HideSolutionNode = FALSE
	EndGlobalSection
	GlobalSection(ExtensibilityGlobals) = postSolution
		SolutionGuid = {02A9578A-2EAB-4326-85FB-AE42BF5672B4}
	EndGlobalSection
EndGlobal
