
Microsoft Visual Studio Solution File, Format Version 12.00
# Visual Studio Version 16
VisualStudioVersion = 16.0.29306.81
MinimumVisualStudioVersion = 10.0.40219.1
Project("{FAE04EC0-301F-11D3-BF4B-00C04F79EFBC}") = "Mankalah", "Mankalah.csproj", "{759B2ACE-5F86-4A19-AE18-F78159A03234}"
EndProject
Global
	GlobalSection(SolutionConfigurationPlatforms) = preSolution
		Debug|Any CPU = Debug|Any CPU
		Release|Any CPU = Release|Any CPU
	EndGlobalSection
	GlobalSection(ProjectConfigurationPlatforms) = postSolution
		{759B2ACE-5F86-4A19-AE18-F78159A03234}.Debug|Any CPU.ActiveCfg = Debug|Any CPU
		{759B2ACE-5F86-4A19-AE18-F78159A03234}.Debug|Any CPU.Build.0 = Debug|Any CPU
		{759B2ACE-5F86-4A19-AE18-F78159A03234}.Release|Any CPU.ActiveCfg = Release|Any CPU
		{759B2ACE-5F86-4A19-AE18-F78159A03234}.Release|Any CPU.Build.0 = Release|Any CPU
	EndGlobalSection
	GlobalSection(SolutionProperties) = preSolution
		HideSolutionNode = FALSE
	EndGlobalSection
	GlobalSection(ExtensibilityGlobals) = postSolution
		SolutionGuid = {5AD924DD-8BF3-4E6D-A820-845FB067B399}
	EndGlobalSection
EndGlobal
